// !$*UTF8*$!
{
	archiveVersion = 1;
	classes = {
	};
	objectVersion = 50;
	objects = {

/* Begin PBXBuildFile section */
		84181DDB2658AEAD00EDDA1A /* Profile.swift in Sources */ = {isa = PBXBuildFile; fileRef = 84181DDA2658AEAD00EDDA1A /* Profile.swift */; };
		84181DE12658AFD600EDDA1A /* ProfileHost.swift in Sources */ = {isa = PBXBuildFile; fileRef = 84181DE02658AFD600EDDA1A /* ProfileHost.swift */; };
		84181DE62658B09A00EDDA1A /* ProfilesSummary.swift in Sources */ = {isa = PBXBuildFile; fileRef = 84181DE52658B09A00EDDA1A /* ProfilesSummary.swift */; };
		8446D6F3265AD804005BBB63 /* HikeBadge.swift in Sources */ = {isa = PBXBuildFile; fileRef = 8446D6F2265AD804005BBB63 /* HikeBadge.swift */; };
		8446D6F8265B51EF005BBB63 /* ProfileEditor.swift in Sources */ = {isa = PBXBuildFile; fileRef = 8446D6F7265B51EF005BBB63 /* ProfileEditor.swift */; };
		8446D70C265CA065005BBB63 /* PageViewController.swift in Sources */ = {isa = PBXBuildFile; fileRef = 8446D70B265CA065005BBB63 /* PageViewController.swift */; };
		8446D711265DF453005BBB63 /* FeatureCard.swift in Sources */ = {isa = PBXBuildFile; fileRef = 8446D710265DF453005BBB63 /* FeatureCard.swift */; };
		8446D716265DF87C005BBB63 /* PageView.swift in Sources */ = {isa = PBXBuildFile; fileRef = 8446D715265DF87C005BBB63 /* PageView.swift */; };
		8446D71E2669D3AC005BBB63 /* PageControl.swift in Sources */ = {isa = PBXBuildFile; fileRef = 8446D71D2669D3AC005BBB63 /* PageControl.swift */; };
		84A0D94E263CD59700F088A3 /* LandmarksApp.swift in Sources */ = {isa = PBXBuildFile; fileRef = 84A0D94D263CD59700F088A3 /* LandmarksApp.swift */; };
		84A0D950263CD59700F088A3 /* ContentView.swift in Sources */ = {isa = PBXBuildFile; fileRef = 84A0D94F263CD59700F088A3 /* ContentView.swift */; };
		84A0D952263CD59800F088A3 /* Assets.xcassets in Resources */ = {isa = PBXBuildFile; fileRef = 84A0D951263CD59800F088A3 /* Assets.xcassets */; };
		84A0D955263CD59800F088A3 /* Preview Assets.xcassets in Resources */ = {isa = PBXBuildFile; fileRef = 84A0D954263CD59800F088A3 /* Preview Assets.xcassets */; };
		84A0D960263CD59800F088A3 /* LandmarksTests.swift in Sources */ = {isa = PBXBuildFile; fileRef = 84A0D95F263CD59800F088A3 /* LandmarksTests.swift */; };
		84A0D96B263CD59800F088A3 /* LandmarksUITests.swift in Sources */ = {isa = PBXBuildFile; fileRef = 84A0D96A263CD59800F088A3 /* LandmarksUITests.swift */; };
		84A0D97C263CFF5E00F088A3 /* PoolImage.swift in Sources */ = {isa = PBXBuildFile; fileRef = 84A0D97B263CFF5E00F088A3 /* PoolImage.swift */; };
		84A0D981263DD71F00F088A3 /* MapView.swift in Sources */ = {isa = PBXBuildFile; fileRef = 84A0D980263DD71F00F088A3 /* MapView.swift */; };
		84A0D986263DEFC900F088A3 /* landmarkData.json in Resources */ = {isa = PBXBuildFile; fileRef = 84A0D985263DEFC900F088A3 /* landmarkData.json */; };
		84A0D98B263DF0CF00F088A3 /* Landmark.swift in Sources */ = {isa = PBXBuildFile; fileRef = 84A0D98A263DF0CF00F088A3 /* Landmark.swift */; };
		84A0D990263DF40200F088A3 /* ModelData.swift in Sources */ = {isa = PBXBuildFile; fileRef = 84A0D98F263DF40200F088A3 /* ModelData.swift */; };
		84A0D998263F3EE000F088A3 /* LandmarkRow.swift in Sources */ = {isa = PBXBuildFile; fileRef = 84A0D997263F3EE000F088A3 /* LandmarkRow.swift */; };
		84A0D99D2640454500F088A3 /* LandmarkList.swift in Sources */ = {isa = PBXBuildFile; fileRef = 84A0D99C2640454500F088A3 /* LandmarkList.swift */; };
		84A0D9A2264072A300F088A3 /* LandmarkDetail.swift in Sources */ = {isa = PBXBuildFile; fileRef = 84A0D9A1264072A300F088A3 /* LandmarkDetail.swift */; };
		84A0D9AF2644852400F088A3 /* FavButton.swift in Sources */ = {isa = PBXBuildFile; fileRef = 84A0D9AE2644852400F088A3 /* FavButton.swift */; };
		84EED33F264E021300944491 /* HexagonParameters.swift in Sources */ = {isa = PBXBuildFile; fileRef = 84EED33E264E021300944491 /* HexagonParameters.swift */; };
		84EED344264E041600944491 /* BadgeBackground.swift in Sources */ = {isa = PBXBuildFile; fileRef = 84EED343264E041600944491 /* BadgeBackground.swift */; };
		84EED349264E203300944491 /* BadgeSymbol.swift in Sources */ = {isa = PBXBuildFile; fileRef = 84EED348264E203300944491 /* BadgeSymbol.swift */; };
		84EED34E264E22BB00944491 /* RotatedBadgeSymbol.swift in Sources */ = {isa = PBXBuildFile; fileRef = 84EED34D264E22BB00944491 /* RotatedBadgeSymbol.swift */; };
		84EED353264F276D00944491 /* Badge.swift in Sources */ = {isa = PBXBuildFile; fileRef = 84EED352264F276D00944491 /* Badge.swift */; };
		84EED365264F712C00944491 /* hikeData.json in Resources */ = {isa = PBXBuildFile; fileRef = 84EED364264F712C00944491 /* hikeData.json */; };
		84EED36A264F718700944491 /* Hike.swift in Sources */ = {isa = PBXBuildFile; fileRef = 84EED369264F718700944491 /* Hike.swift */; };
		84EED37D264F750400944491 /* HikeGraph.swift in Sources */ = {isa = PBXBuildFile; fileRef = 84EED379264F750400944491 /* HikeGraph.swift */; };
		84EED37E264F750400944491 /* HikeDetail.swift in Sources */ = {isa = PBXBuildFile; fileRef = 84EED37A264F750400944491 /* HikeDetail.swift */; };
		84EED37F264F750400944491 /* GraphCapsule.swift in Sources */ = {isa = PBXBuildFile; fileRef = 84EED37B264F750400944491 /* GraphCapsule.swift */; };
		84EED380264F750400944491 /* HikeView.swift in Sources */ = {isa = PBXBuildFile; fileRef = 84EED37C264F750400944491 /* HikeView.swift */; };
		84EED38A26520FE200944491 /* CategoryHome.swift in Sources */ = {isa = PBXBuildFile; fileRef = 84EED38926520FE200944491 /* CategoryHome.swift */; };
		84EED38F26534B1B00944491 /* CategoryRow.swift in Sources */ = {isa = PBXBuildFile; fileRef = 84EED38E26534B1B00944491 /* CategoryRow.swift */; };
		84EED3942653645B00944491 /* CategoryItem.swift in Sources */ = {isa = PBXBuildFile; fileRef = 84EED3932653645B00944491 /* CategoryItem.swift */; };
/* End PBXBuildFile section */

/* Begin PBXContainerItemProxy section */
		84A0D95C263CD59800F088A3 /* PBXContainerItemProxy */ = {
			isa = PBXContainerItemProxy;
			containerPortal = 84A0D942263CD59700F088A3 /* Project object */;
			proxyType = 1;
			remoteGlobalIDString = 84A0D949263CD59700F088A3;
			remoteInfo = Landmarks;
		};
		84A0D967263CD59800F088A3 /* PBXContainerItemProxy */ = {
			isa = PBXContainerItemProxy;
			containerPortal = 84A0D942263CD59700F088A3 /* Project object */;
			proxyType = 1;
			remoteGlobalIDString = 84A0D949263CD59700F088A3;
			remoteInfo = Landmarks;
		};
/* End PBXContainerItemProxy section */

/* Begin PBXFileReference section */
		84181DDA2658AEAD00EDDA1A /* Profile.swift */ = {isa = PBXFileReference; lastKnownFileType = sourcecode.swift; path = Profile.swift; sourceTree = "<group>"; };
		84181DE02658AFD600EDDA1A /* ProfileHost.swift */ = {isa = PBXFileReference; lastKnownFileType = sourcecode.swift; path = ProfileHost.swift; sourceTree = "<group>"; };
		84181DE52658B09A00EDDA1A /* ProfilesSummary.swift */ = {isa = PBXFileReference; lastKnownFileType = sourcecode.swift; path = ProfilesSummary.swift; sourceTree = "<group>"; };
		8446D6F2265AD804005BBB63 /* HikeBadge.swift */ = {isa = PBXFileReference; lastKnownFileType = sourcecode.swift; path = HikeBadge.swift; sourceTree = "<group>"; };
		8446D6F7265B51EF005BBB63 /* ProfileEditor.swift */ = {isa = PBXFileReference; lastKnownFileType = sourcecode.swift; path = ProfileEditor.swift; sourceTree = "<group>"; };
		8446D70B265CA065005BBB63 /* PageViewController.swift */ = {isa = PBXFileReference; lastKnownFileType = sourcecode.swift; path = PageViewController.swift; sourceTree = "<group>"; };
		8446D710265DF453005BBB63 /* FeatureCard.swift */ = {isa = PBXFileReference; lastKnownFileType = sourcecode.swift; path = FeatureCard.swift; sourceTree = "<group>"; };
		8446D715265DF87C005BBB63 /* PageView.swift */ = {isa = PBXFileReference; lastKnownFileType = sourcecode.swift; path = PageView.swift; sourceTree = "<group>"; };
		8446D71D2669D3AC005BBB63 /* PageControl.swift */ = {isa = PBXFileReference; lastKnownFileType = sourcecode.swift; path = PageControl.swift; sourceTree = "<group>"; };
		84A0D94A263CD59700F088A3 /* Landmarks.app */ = {isa = PBXFileReference; explicitFileType = wrapper.application; includeInIndex = 0; path = Landmarks.app; sourceTree = BUILT_PRODUCTS_DIR; };
		84A0D94D263CD59700F088A3 /* LandmarksApp.swift */ = {isa = PBXFileReference; lastKnownFileType = sourcecode.swift; path = LandmarksApp.swift; sourceTree = "<group>"; };
		84A0D94F263CD59700F088A3 /* ContentView.swift */ = {isa = PBXFileReference; lastKnownFileType = sourcecode.swift; path = ContentView.swift; sourceTree = "<group>"; };
		84A0D951263CD59800F088A3 /* Assets.xcassets */ = {isa = PBXFileReference; lastKnownFileType = folder.assetcatalog; path = Assets.xcassets; sourceTree = "<group>"; };
		84A0D954263CD59800F088A3 /* Preview Assets.xcassets */ = {isa = PBXFileReference; lastKnownFileType = folder.assetcatalog; path = "Preview Assets.xcassets"; sourceTree = "<group>"; };
		84A0D956263CD59800F088A3 /* Info.plist */ = {isa = PBXFileReference; lastKnownFileType = text.plist.xml; path = Info.plist; sourceTree = "<group>"; };
		84A0D95B263CD59800F088A3 /* LandmarksTests.xctest */ = {isa = PBXFileReference; explicitFileType = wrapper.cfbundle; includeInIndex = 0; path = LandmarksTests.xctest; sourceTree = BUILT_PRODUCTS_DIR; };
		84A0D95F263CD59800F088A3 /* LandmarksTests.swift */ = {isa = PBXFileReference; lastKnownFileType = sourcecode.swift; path = LandmarksTests.swift; sourceTree = "<group>"; };
		84A0D961263CD59800F088A3 /* Info.plist */ = {isa = PBXFileReference; lastKnownFileType = text.plist.xml; path = Info.plist; sourceTree = "<group>"; };
		84A0D966263CD59800F088A3 /* LandmarksUITests.xctest */ = {isa = PBXFileReference; explicitFileType = wrapper.cfbundle; includeInIndex = 0; path = LandmarksUITests.xctest; sourceTree = BUILT_PRODUCTS_DIR; };
		84A0D96A263CD59800F088A3 /* LandmarksUITests.swift */ = {isa = PBXFileReference; lastKnownFileType = sourcecode.swift; path = LandmarksUITests.swift; sourceTree = "<group>"; };
		84A0D96C263CD59800F088A3 /* Info.plist */ = {isa = PBXFileReference; lastKnownFileType = text.plist.xml; path = Info.plist; sourceTree = "<group>"; };
		84A0D97B263CFF5E00F088A3 /* PoolImage.swift */ = {isa = PBXFileReference; lastKnownFileType = sourcecode.swift; path = PoolImage.swift; sourceTree = "<group>"; };
		84A0D980263DD71F00F088A3 /* MapView.swift */ = {isa = PBXFileReference; lastKnownFileType = sourcecode.swift; path = MapView.swift; sourceTree = "<group>"; };
		84A0D985263DEFC900F088A3 /* landmarkData.json */ = {isa = PBXFileReference; fileEncoding = 4; lastKnownFileType = text.json; path = landmarkData.json; sourceTree = "<group>"; };
		84A0D98A263DF0CF00F088A3 /* Landmark.swift */ = {isa = PBXFileReference; lastKnownFileType = sourcecode.swift; path = Landmark.swift; sourceTree = "<group>"; };
		84A0D98F263DF40200F088A3 /* ModelData.swift */ = {isa = PBXFileReference; lastKnownFileType = sourcecode.swift; path = ModelData.swift; sourceTree = "<group>"; };
		84A0D997263F3EE000F088A3 /* LandmarkRow.swift */ = {isa = PBXFileReference; lastKnownFileType = sourcecode.swift; path = LandmarkRow.swift; sourceTree = "<group>"; };
		84A0D99C2640454500F088A3 /* LandmarkList.swift */ = {isa = PBXFileReference; lastKnownFileType = sourcecode.swift; path = LandmarkList.swift; sourceTree = "<group>"; };
		84A0D9A1264072A300F088A3 /* LandmarkDetail.swift */ = {isa = PBXFileReference; lastKnownFileType = sourcecode.swift; path = LandmarkDetail.swift; sourceTree = "<group>"; };
		84A0D9AE2644852400F088A3 /* FavButton.swift */ = {isa = PBXFileReference; lastKnownFileType = sourcecode.swift; path = FavButton.swift; sourceTree = "<group>"; };
		84EED33E264E021300944491 /* HexagonParameters.swift */ = {isa = PBXFileReference; lastKnownFileType = sourcecode.swift; path = HexagonParameters.swift; sourceTree = "<group>"; };
		84EED343264E041600944491 /* BadgeBackground.swift */ = {isa = PBXFileReference; lastKnownFileType = sourcecode.swift; path = BadgeBackground.swift; sourceTree = "<group>"; };
		84EED348264E203300944491 /* BadgeSymbol.swift */ = {isa = PBXFileReference; lastKnownFileType = sourcecode.swift; path = BadgeSymbol.swift; sourceTree = "<group>"; };
		84EED34D264E22BB00944491 /* RotatedBadgeSymbol.swift */ = {isa = PBXFileReference; lastKnownFileType = sourcecode.swift; path = RotatedBadgeSymbol.swift; sourceTree = "<group>"; };
		84EED352264F276D00944491 /* Badge.swift */ = {isa = PBXFileReference; lastKnownFileType = sourcecode.swift; path = Badge.swift; sourceTree = "<group>"; };
		84EED364264F712C00944491 /* hikeData.json */ = {isa = PBXFileReference; fileEncoding = 4; lastKnownFileType = text.json; path = hikeData.json; sourceTree = "<group>"; };
		84EED369264F718700944491 /* Hike.swift */ = {isa = PBXFileReference; lastKnownFileType = sourcecode.swift; path = Hike.swift; sourceTree = "<group>"; };
		84EED379264F750400944491 /* HikeGraph.swift */ = {isa = PBXFileReference; fileEncoding = 4; lastKnownFileType = sourcecode.swift; path = HikeGraph.swift; sourceTree = "<group>"; };
		84EED37A264F750400944491 /* HikeDetail.swift */ = {isa = PBXFileReference; fileEncoding = 4; lastKnownFileType = sourcecode.swift; path = HikeDetail.swift; sourceTree = "<group>"; };
		84EED37B264F750400944491 /* GraphCapsule.swift */ = {isa = PBXFileReference; fileEncoding = 4; lastKnownFileType = sourcecode.swift; path = GraphCapsule.swift; sourceTree = "<group>"; };
		84EED37C264F750400944491 /* HikeView.swift */ = {isa = PBXFileReference; fileEncoding = 4; lastKnownFileType = sourcecode.swift; path = HikeView.swift; sourceTree = "<group>"; };
		84EED38926520FE200944491 /* CategoryHome.swift */ = {isa = PBXFileReference; lastKnownFileType = sourcecode.swift; path = CategoryHome.swift; sourceTree = "<group>"; };
		84EED38E26534B1B00944491 /* CategoryRow.swift */ = {isa = PBXFileReference; lastKnownFileType = sourcecode.swift; path = CategoryRow.swift; sourceTree = "<group>"; };
		84EED3932653645B00944491 /* CategoryItem.swift */ = {isa = PBXFileReference; lastKnownFileType = sourcecode.swift; path = CategoryItem.swift; sourceTree = "<group>"; };
/* End PBXFileReference section */

/* Begin PBXFrameworksBuildPhase section */
		84A0D947263CD59700F088A3 /* Frameworks */ = {
			isa = PBXFrameworksBuildPhase;
			buildActionMask = 2147483647;
			files = (
			);
			runOnlyForDeploymentPostprocessing = 0;
		};
		84A0D958263CD59800F088A3 /* Frameworks */ = {
			isa = PBXFrameworksBuildPhase;
			buildActionMask = 2147483647;
			files = (
			);
			runOnlyForDeploymentPostprocessing = 0;
		};
		84A0D963263CD59800F088A3 /* Frameworks */ = {
			isa = PBXFrameworksBuildPhase;
			buildActionMask = 2147483647;
			files = (
			);
			runOnlyForDeploymentPostprocessing = 0;
		};
/* End PBXFrameworksBuildPhase section */

/* Begin PBXGroup section */
		84181DDF2658AFA300EDDA1A /* Profiles */ = {
			isa = PBXGroup;
			children = (
				84181DE02658AFD600EDDA1A /* ProfileHost.swift */,
				84181DE52658B09A00EDDA1A /* ProfilesSummary.swift */,
				8446D6F7265B51EF005BBB63 /* ProfileEditor.swift */,
			);
			path = Profiles;
			sourceTree = "<group>";
		};
		8446D701265CA013005BBB63 /* PageView */ = {
			isa = PBXGroup;
			children = (
				8446D710265DF453005BBB63 /* FeatureCard.swift */,
				8446D70B265CA065005BBB63 /* PageViewController.swift */,
				8446D715265DF87C005BBB63 /* PageView.swift */,
				8446D71D2669D3AC005BBB63 /* PageControl.swift */,
			);
			path = PageView;
			sourceTree = "<group>";
		};
		84A0D941263CD59700F088A3 = {
			isa = PBXGroup;
			children = (
				84A0D94C263CD59700F088A3 /* Landmarks */,
				84A0D95E263CD59800F088A3 /* LandmarksTests */,
				84A0D969263CD59800F088A3 /* LandmarksUITests */,
				84A0D94B263CD59700F088A3 /* Products */,
			);
			sourceTree = "<group>";
		};
		84A0D94B263CD59700F088A3 /* Products */ = {
			isa = PBXGroup;
			children = (
				84A0D94A263CD59700F088A3 /* Landmarks.app */,
				84A0D95B263CD59800F088A3 /* LandmarksTests.xctest */,
				84A0D966263CD59800F088A3 /* LandmarksUITests.xctest */,
			);
			name = Products;
			sourceTree = "<group>";
		};
		84A0D94C263CD59700F088A3 /* Landmarks */ = {
			isa = PBXGroup;
			children = (
				84A0D94D263CD59700F088A3 /* LandmarksApp.swift */,
				84A0D994263E0E4100F088A3 /* Views */,
				84EED357264F2A5A00944491 /* Badges */,
				84A0D9B42644872A00F088A3 /* Helpers */,
				84A0D951263CD59800F088A3 /* Assets.xcassets */,
				84A0D956263CD59800F088A3 /* Info.plist */,
				84A0D995263E0E6300F088A3 /* Model */,
				84A0D996263E0E8B00F088A3 /* Resources */,
				84A0D953263CD59800F088A3 /* Preview Content */,
			);
			path = Landmarks;
			sourceTree = "<group>";
		};
		84A0D953263CD59800F088A3 /* Preview Content */ = {
			isa = PBXGroup;
			children = (
				84A0D954263CD59800F088A3 /* Preview Assets.xcassets */,
			);
			path = "Preview Content";
			sourceTree = "<group>";
		};
		84A0D95E263CD59800F088A3 /* LandmarksTests */ = {
			isa = PBXGroup;
			children = (
				84A0D95F263CD59800F088A3 /* LandmarksTests.swift */,
				84A0D961263CD59800F088A3 /* Info.plist */,
			);
			path = LandmarksTests;
			sourceTree = "<group>";
		};
		84A0D969263CD59800F088A3 /* LandmarksUITests */ = {
			isa = PBXGroup;
			children = (
				84A0D96A263CD59800F088A3 /* LandmarksUITests.swift */,
				84A0D96C263CD59800F088A3 /* Info.plist */,
			);
			path = LandmarksUITests;
			sourceTree = "<group>";
		};
		84A0D994263E0E4100F088A3 /* Views */ = {
			isa = PBXGroup;
			children = (
				84181DDF2658AFA300EDDA1A /* Profiles */,
				84EED38826520FC400944491 /* Categories */,
				84A0D94F263CD59700F088A3 /* ContentView.swift */,
				84A0D9A1264072A300F088A3 /* LandmarkDetail.swift */,
				84A0D997263F3EE000F088A3 /* LandmarkRow.swift */,
				84A0D99C2640454500F088A3 /* LandmarkList.swift */,
				84EED384264F758000944491 /* Hikes */,
				8446D701265CA013005BBB63 /* PageView */,
			);
			path = Views;
			sourceTree = "<group>";
		};
		84A0D995263E0E6300F088A3 /* Model */ = {
			isa = PBXGroup;
			children = (
				84A0D98A263DF0CF00F088A3 /* Landmark.swift */,
				84EED369264F718700944491 /* Hike.swift */,
				84A0D98F263DF40200F088A3 /* ModelData.swift */,
				84181DDA2658AEAD00EDDA1A /* Profile.swift */,
			);
			path = Model;
			sourceTree = "<group>";
		};
		84A0D996263E0E8B00F088A3 /* Resources */ = {
			isa = PBXGroup;
			children = (
				84EED364264F712C00944491 /* hikeData.json */,
				84A0D985263DEFC900F088A3 /* landmarkData.json */,
			);
			path = Resources;
			sourceTree = "<group>";
		};
		84A0D9B42644872A00F088A3 /* Helpers */ = {
			isa = PBXGroup;
			children = (
				84A0D980263DD71F00F088A3 /* MapView.swift */,
				84A0D97B263CFF5E00F088A3 /* PoolImage.swift */,
				84A0D9AE2644852400F088A3 /* FavButton.swift */,
			);
			path = Helpers;
			sourceTree = "<group>";
		};
		84EED357264F2A5A00944491 /* Badges */ = {
			isa = PBXGroup;
			children = (
				84EED33E264E021300944491 /* HexagonParameters.swift */,
				84EED343264E041600944491 /* BadgeBackground.swift */,
				84EED348264E203300944491 /* BadgeSymbol.swift */,
				84EED34D264E22BB00944491 /* RotatedBadgeSymbol.swift */,
				84EED352264F276D00944491 /* Badge.swift */,
			);
			path = Badges;
			sourceTree = "<group>";
		};
		84EED384264F758000944491 /* Hikes */ = {
			isa = PBXGroup;
			children = (
				84EED37B264F750400944491 /* GraphCapsule.swift */,
				84EED37A264F750400944491 /* HikeDetail.swift */,
				84EED379264F750400944491 /* HikeGraph.swift */,
				84EED37C264F750400944491 /* HikeView.swift */,
				8446D6F2265AD804005BBB63 /* HikeBadge.swift */,
			);
			path = Hikes;
			sourceTree = "<group>";
		};
		84EED38826520FC400944491 /* Categories */ = {
			isa = PBXGroup;
			children = (
				84EED38926520FE200944491 /* CategoryHome.swift */,
				84EED38E26534B1B00944491 /* CategoryRow.swift */,
				84EED3932653645B00944491 /* CategoryItem.swift */,
			);
			path = Categories;
			sourceTree = "<group>";
		};
/* End PBXGroup section */

/* Begin PBXNativeTarget section */
		84A0D949263CD59700F088A3 /* Landmarks */ = {
			isa = PBXNativeTarget;
			buildConfigurationList = 84A0D96F263CD59800F088A3 /* Build configuration list for PBXNativeTarget "Landmarks" */;
			buildPhases = (
				84A0D946263CD59700F088A3 /* Sources */,
				84A0D947263CD59700F088A3 /* Frameworks */,
				84A0D948263CD59700F088A3 /* Resources */,
			);
			buildRules = (
			);
			dependencies = (
			);
			name = Landmarks;
			productName = Landmarks;
			productReference = 84A0D94A263CD59700F088A3 /* Landmarks.app */;
			productType = "com.apple.product-type.application";
		};
		84A0D95A263CD59800F088A3 /* LandmarksTests */ = {
			isa = PBXNativeTarget;
			buildConfigurationList = 84A0D972263CD59800F088A3 /* Build configuration list for PBXNativeTarget "LandmarksTests" */;
			buildPhases = (
				84A0D957263CD59800F088A3 /* Sources */,
				84A0D958263CD59800F088A3 /* Frameworks */,
				84A0D959263CD59800F088A3 /* Resources */,
			);
			buildRules = (
			);
			dependencies = (
				84A0D95D263CD59800F088A3 /* PBXTargetDependency */,
			);
			name = LandmarksTests;
			productName = LandmarksTests;
			productReference = 84A0D95B263CD59800F088A3 /* LandmarksTests.xctest */;
			productType = "com.apple.product-type.bundle.unit-test";
		};
		84A0D965263CD59800F088A3 /* LandmarksUITests */ = {
			isa = PBXNativeTarget;
			buildConfigurationList = 84A0D975263CD59800F088A3 /* Build configuration list for PBXNativeTarget "LandmarksUITests" */;
			buildPhases = (
				84A0D962263CD59800F088A3 /* Sources */,
				84A0D963263CD59800F088A3 /* Frameworks */,
				84A0D964263CD59800F088A3 /* Resources */,
			);
			buildRules = (
			);
			dependencies = (
				84A0D968263CD59800F088A3 /* PBXTargetDependency */,
			);
			name = LandmarksUITests;
			productName = LandmarksUITests;
			productReference = 84A0D966263CD59800F088A3 /* LandmarksUITests.xctest */;
			productType = "com.apple.product-type.bundle.ui-testing";
		};
/* End PBXNativeTarget section */

/* Begin PBXProject section */
		84A0D942263CD59700F088A3 /* Project object */ = {
			isa = PBXProject;
			attributes = {
				LastSwiftUpdateCheck = 1240;
				LastUpgradeCheck = 1240;
				TargetAttributes = {
					84A0D949263CD59700F088A3 = {
						CreatedOnToolsVersion = 12.4;
					};
					84A0D95A263CD59800F088A3 = {
						CreatedOnToolsVersion = 12.4;
						TestTargetID = 84A0D949263CD59700F088A3;
					};
					84A0D965263CD59800F088A3 = {
						CreatedOnToolsVersion = 12.4;
						TestTargetID = 84A0D949263CD59700F088A3;
					};
				};
			};
			buildConfigurationList = 84A0D945263CD59700F088A3 /* Build configuration list for PBXProject "Landmarks" */;
			compatibilityVersion = "Xcode 9.3";
			developmentRegion = en;
			hasScannedForEncodings = 0;
			knownRegions = (
				en,
				Base,
			);
			mainGroup = 84A0D941263CD59700F088A3;
			productRefGroup = 84A0D94B263CD59700F088A3 /* Products */;
			projectDirPath = "";
			projectRoot = "";
			targets = (
				84A0D949263CD59700F088A3 /* Landmarks */,
				84A0D95A263CD59800F088A3 /* LandmarksTests */,
				84A0D965263CD59800F088A3 /* LandmarksUITests */,
			);
		};
/* End PBXProject section */

/* Begin PBXResourcesBuildPhase section */
		84A0D948263CD59700F088A3 /* Resources */ = {
			isa = PBXResourcesBuildPhase;
			buildActionMask = 2147483647;
			files = (
				84EED365264F712C00944491 /* hikeData.json in Resources */,
				84A0D955263CD59800F088A3 /* Preview Assets.xcassets in Resources */,
				84A0D952263CD59800F088A3 /* Assets.xcassets in Resources */,
				84A0D986263DEFC900F088A3 /* landmarkData.json in Resources */,
			);
			runOnlyForDeploymentPostprocessing = 0;
		};
		84A0D959263CD59800F088A3 /* Resources */ = {
			isa = PBXResourcesBuildPhase;
			buildActionMask = 2147483647;
			files = (
			);
			runOnlyForDeploymentPostprocessing = 0;
		};
		84A0D964263CD59800F088A3 /* Resources */ = {
			isa = PBXResourcesBuildPhase;
			buildActionMask = 2147483647;
			files = (
			);
			runOnlyForDeploymentPostprocessing = 0;
		};
/* End PBXResourcesBuildPhase section */

/* Begin PBXSourcesBuildPhase section */
		84A0D946263CD59700F088A3 /* Sources */ = {
			isa = PBXSourcesBuildPhase;
			buildActionMask = 2147483647;
			files = (
				84EED38F26534B1B00944491 /* CategoryRow.swift in Sources */,
				84181DDB2658AEAD00EDDA1A /* Profile.swift in Sources */,
				84A0D97C263CFF5E00F088A3 /* PoolImage.swift in Sources */,
				84EED38A26520FE200944491 /* CategoryHome.swift in Sources */,
				8446D711265DF453005BBB63 /* FeatureCard.swift in Sources */,
				84EED353264F276D00944491 /* Badge.swift in Sources */,
				84A0D981263DD71F00F088A3 /* MapView.swift in Sources */,
				84A0D950263CD59700F088A3 /* ContentView.swift in Sources */,
				84A0D9AF2644852400F088A3 /* FavButton.swift in Sources */,
				84EED33F264E021300944491 /* HexagonParameters.swift in Sources */,
				8446D71E2669D3AC005BBB63 /* PageControl.swift in Sources */,
				84EED36A264F718700944491 /* Hike.swift in Sources */,
				84EED3942653645B00944491 /* CategoryItem.swift in Sources */,
				84EED34E264E22BB00944491 /* RotatedBadgeSymbol.swift in Sources */,
				84EED349264E203300944491 /* BadgeSymbol.swift in Sources */,
				84181DE12658AFD600EDDA1A /* ProfileHost.swift in Sources */,
				84A0D99D2640454500F088A3 /* LandmarkList.swift in Sources */,
				84A0D9A2264072A300F088A3 /* LandmarkDetail.swift in Sources */,
				84EED37E264F750400944491 /* HikeDetail.swift in Sources */,
				8446D716265DF87C005BBB63 /* PageView.swift in Sources */,
				84EED344264E041600944491 /* BadgeBackground.swift in Sources */,
				8446D6F8265B51EF005BBB63 /* ProfileEditor.swift in Sources */,
				84181DE62658B09A00EDDA1A /* ProfilesSummary.swift in Sources */,
				84EED380264F750400944491 /* HikeView.swift in Sources */,
				84A0D94E263CD59700F088A3 /* LandmarksApp.swift in Sources */,
				8446D70C265CA065005BBB63 /* PageViewController.swift in Sources */,
				84A0D98B263DF0CF00F088A3 /* Landmark.swift in Sources */,
				8446D6F3265AD804005BBB63 /* HikeBadge.swift in Sources */,
				84A0D998263F3EE000F088A3 /* LandmarkRow.swift in Sources */,
				84A0D990263DF40200F088A3 /* ModelData.swift in Sources */,
				84EED37F264F750400944491 /* GraphCapsule.swift in Sources */,
				84EED37D264F750400944491 /* HikeGraph.swift in Sources */,
			);
			runOnlyForDeploymentPostprocessing = 0;
		};
		84A0D957263CD59800F088A3 /* Sources */ = {
			isa = PBXSourcesBuildPhase;
			buildActionMask = 2147483647;
			files = (
				84A0D960263CD59800F088A3 /* LandmarksTests.swift in Sources */,
			);
			runOnlyForDeploymentPostprocessing = 0;
		};
		84A0D962263CD59800F088A3 /* Sources */ = {
			isa = PBXSourcesBuildPhase;
			buildActionMask = 2147483647;
			files = (
				84A0D96B263CD59800F088A3 /* LandmarksUITests.swift in Sources */,
			);
			runOnlyForDeploymentPostprocessing = 0;
		};
/* End PBXSourcesBuildPhase section */

/* Begin PBXTargetDependency section */
		84A0D95D263CD59800F088A3 /* PBXTargetDependency */ = {
			isa = PBXTargetDependency;
			target = 84A0D949263CD59700F088A3 /* Landmarks */;
			targetProxy = 84A0D95C263CD59800F088A3 /* PBXContainerItemProxy */;
		};
		84A0D968263CD59800F088A3 /* PBXTargetDependency */ = {
			isa = PBXTargetDependency;
			target = 84A0D949263CD59700F088A3 /* Landmarks */;
			targetProxy = 84A0D967263CD59800F088A3 /* PBXContainerItemProxy */;
		};
/* End PBXTargetDependency section */

/* Begin XCBuildConfiguration section */
		84A0D96D263CD59800F088A3 /* Debug */ = {
			isa = XCBuildConfiguration;
			buildSettings = {
				ALWAYS_SEARCH_USER_PATHS = NO;
				CLANG_ANALYZER_NONNULL = YES;
				CLANG_ANALYZER_NUMBER_OBJECT_CONVERSION = YES_AGGRESSIVE;
				CLANG_CXX_LANGUAGE_STANDARD = "gnu++14";
				CLANG_CXX_LIBRARY = "libc++";
				CLANG_ENABLE_MODULES = YES;
				CLANG_ENABLE_OBJC_ARC = YES;
				CLANG_ENABLE_OBJC_WEAK = YES;
				CLANG_WARN_BLOCK_CAPTURE_AUTORELEASING = YES;
				CLANG_WARN_BOOL_CONVERSION = YES;
				CLANG_WARN_COMMA = YES;
				CLANG_WARN_CONSTANT_CONVERSION = YES;
				CLANG_WARN_DEPRECATED_OBJC_IMPLEMENTATIONS = YES;
				CLANG_WARN_DIRECT_OBJC_ISA_USAGE = YES_ERROR;
				CLANG_WARN_DOCUMENTATION_COMMENTS = YES;
				CLANG_WARN_EMPTY_BODY = YES;
				CLANG_WARN_ENUM_CONVERSION = YES;
				CLANG_WARN_INFINITE_RECURSION = YES;
				CLANG_WARN_INT_CONVERSION = YES;
				CLANG_WARN_NON_LITERAL_NULL_CONVERSION = YES;
				CLANG_WARN_OBJC_IMPLICIT_RETAIN_SELF = YES;
				CLANG_WARN_OBJC_LITERAL_CONVERSION = YES;
				CLANG_WARN_OBJC_ROOT_CLASS = YES_ERROR;
				CLANG_WARN_QUOTED_INCLUDE_IN_FRAMEWORK_HEADER = YES;
				CLANG_WARN_RANGE_LOOP_ANALYSIS = YES;
				CLANG_WARN_STRICT_PROTOTYPES = YES;
				CLANG_WARN_SUSPICIOUS_MOVE = YES;
				CLANG_WARN_UNGUARDED_AVAILABILITY = YES_AGGRESSIVE;
				CLANG_WARN_UNREACHABLE_CODE = YES;
				CLANG_WARN__DUPLICATE_METHOD_MATCH = YES;
				COPY_PHASE_STRIP = NO;
				DEBUG_INFORMATION_FORMAT = dwarf;
				ENABLE_STRICT_OBJC_MSGSEND = YES;
				ENABLE_TESTABILITY = YES;
				GCC_C_LANGUAGE_STANDARD = gnu11;
				GCC_DYNAMIC_NO_PIC = NO;
				GCC_NO_COMMON_BLOCKS = YES;
				GCC_OPTIMIZATION_LEVEL = 0;
				GCC_PREPROCESSOR_DEFINITIONS = (
					"DEBUG=1",
					"$(inherited)",
				);
				GCC_WARN_64_TO_32_BIT_CONVERSION = YES;
				GCC_WARN_ABOUT_RETURN_TYPE = YES_ERROR;
				GCC_WARN_UNDECLARED_SELECTOR = YES;
				GCC_WARN_UNINITIALIZED_AUTOS = YES_AGGRESSIVE;
				GCC_WARN_UNUSED_FUNCTION = YES;
				GCC_WARN_UNUSED_VARIABLE = YES;
				IPHONEOS_DEPLOYMENT_TARGET = 14.4;
				MTL_ENABLE_DEBUG_INFO = INCLUDE_SOURCE;
				MTL_FAST_MATH = YES;
				ONLY_ACTIVE_ARCH = YES;
				SDKROOT = iphoneos;
				SWIFT_ACTIVE_COMPILATION_CONDITIONS = DEBUG;
				SWIFT_OPTIMIZATION_LEVEL = "-Onone";
			};
			name = Debug;
		};
		84A0D96E263CD59800F088A3 /* Release */ = {
			isa = XCBuildConfiguration;
			buildSettings = {
				ALWAYS_SEARCH_USER_PATHS = NO;
				CLANG_ANALYZER_NONNULL = YES;
				CLANG_ANALYZER_NUMBER_OBJECT_CONVERSION = YES_AGGRESSIVE;
				CLANG_CXX_LANGUAGE_STANDARD = "gnu++14";
				CLANG_CXX_LIBRARY = "libc++";
				CLANG_ENABLE_MODULES = YES;
				CLANG_ENABLE_OBJC_ARC = YES;
				CLANG_ENABLE_OBJC_WEAK = YES;
				CLANG_WARN_BLOCK_CAPTURE_AUTORELEASING = YES;
				CLANG_WARN_BOOL_CONVERSION = YES;
				CLANG_WARN_COMMA = YES;
				CLANG_WARN_CONSTANT_CONVERSION = YES;
				CLANG_WARN_DEPRECATED_OBJC_IMPLEMENTATIONS = YES;
				CLANG_WARN_DIRECT_OBJC_ISA_USAGE = YES_ERROR;
				CLANG_WARN_DOCUMENTATION_COMMENTS = YES;
				CLANG_WARN_EMPTY_BODY = YES;
				CLANG_WARN_ENUM_CONVERSION = YES;
				CLANG_WARN_INFINITE_RECURSION = YES;
				CLANG_WARN_INT_CONVERSION = YES;
				CLANG_WARN_NON_LITERAL_NULL_CONVERSION = YES;
				CLANG_WARN_OBJC_IMPLICIT_RETAIN_SELF = YES;
				CLANG_WARN_OBJC_LITERAL_CONVERSION = YES;
				CLANG_WARN_OBJC_ROOT_CLASS = YES_ERROR;
				CLANG_WARN_QUOTED_INCLUDE_IN_FRAMEWORK_HEADER = YES;
				CLANG_WARN_RANGE_LOOP_ANALYSIS = YES;
				CLANG_WARN_STRICT_PROTOTYPES = YES;
				CLANG_WARN_SUSPICIOUS_MOVE = YES;
				CLANG_WARN_UNGUARDED_AVAILABILITY = YES_AGGRESSIVE;
				CLANG_WARN_UNREACHABLE_CODE = YES;
				CLANG_WARN__DUPLICATE_METHOD_MATCH = YES;
				COPY_PHASE_STRIP = NO;
				DEBUG_INFORMATION_FORMAT = "dwarf-with-dsym";
				ENABLE_NS_ASSERTIONS = NO;
				ENABLE_STRICT_OBJC_MSGSEND = YES;
				GCC_C_LANGUAGE_STANDARD = gnu11;
				GCC_NO_COMMON_BLOCKS = YES;
				GCC_WARN_64_TO_32_BIT_CONVERSION = YES;
				GCC_WARN_ABOUT_RETURN_TYPE = YES_ERROR;
				GCC_WARN_UNDECLARED_SELECTOR = YES;
				GCC_WARN_UNINITIALIZED_AUTOS = YES_AGGRESSIVE;
				GCC_WARN_UNUSED_FUNCTION = YES;
				GCC_WARN_UNUSED_VARIABLE = YES;
				IPHONEOS_DEPLOYMENT_TARGET = 14.4;
				MTL_ENABLE_DEBUG_INFO = NO;
				MTL_FAST_MATH = YES;
				SDKROOT = iphoneos;
				SWIFT_COMPILATION_MODE = wholemodule;
				SWIFT_OPTIMIZATION_LEVEL = "-O";
				VALIDATE_PRODUCT = YES;
			};
			name = Release;
		};
		84A0D970263CD59800F088A3 /* Debug */ = {
			isa = XCBuildConfiguration;
			buildSettings = {
				ASSETCATALOG_COMPILER_APPICON_NAME = AppIcon;
				ASSETCATALOG_COMPILER_GLOBAL_ACCENT_COLOR_NAME = AccentColor;
				CODE_SIGN_STYLE = Automatic;
				DEVELOPMENT_ASSET_PATHS = "\"Landmarks/Preview Content\"";
				ENABLE_PREVIEWS = YES;
				INFOPLIST_FILE = Landmarks/Info.plist;
				IPHONEOS_DEPLOYMENT_TARGET = 14.0;
				LD_RUNPATH_SEARCH_PATHS = (
					"$(inherited)",
					"@executable_path/Frameworks",
				);
				PRODUCT_BUNDLE_IDENTIFIER = swift.Landmarks;
				PRODUCT_NAME = "$(TARGET_NAME)";
				SWIFT_VERSION = 5.0;
				TARGETED_DEVICE_FAMILY = "1,2";
			};
			name = Debug;
		};
		84A0D971263CD59800F088A3 /* Release */ = {
			isa = XCBuildConfiguration;
			buildSettings = {
				ASSETCATALOG_COMPILER_APPICON_NAME = AppIcon;
				ASSETCATALOG_COMPILER_GLOBAL_ACCENT_COLOR_NAME = AccentColor;
				CODE_SIGN_STYLE = Automatic;
				DEVELOPMENT_ASSET_PATHS = "\"Landmarks/Preview Content\"";
				ENABLE_PREVIEWS = YES;
				INFOPLIST_FILE = Landmarks/Info.plist;
				IPHONEOS_DEPLOYMENT_TARGET = 14.0;
				LD_RUNPATH_SEARCH_PATHS = (
					"$(inherited)",
					"@executable_path/Frameworks",
				);
				PRODUCT_BUNDLE_IDENTIFIER = swift.Landmarks;
				PRODUCT_NAME = "$(TARGET_NAME)";
				SWIFT_VERSION = 5.0;
				TARGETED_DEVICE_FAMILY = "1,2";
			};
			name = Release;
		};
		84A0D973263CD59800F088A3 /* Debug */ = {
			isa = XCBuildConfiguration;
			buildSettings = {
				ALWAYS_EMBED_SWIFT_STANDARD_LIBRARIES = YES;
				BUNDLE_LOADER = "$(TEST_HOST)";
				CODE_SIGN_STYLE = Automatic;
				INFOPLIST_FILE = LandmarksTests/Info.plist;
				IPHONEOS_DEPLOYMENT_TARGET = 14.0;
				LD_RUNPATH_SEARCH_PATHS = (
					"$(inherited)",
					"@executable_path/Frameworks",
					"@loader_path/Frameworks",
				);
				PRODUCT_BUNDLE_IDENTIFIER = swift.LandmarksTests;
				PRODUCT_NAME = "$(TARGET_NAME)";
				SWIFT_VERSION = 5.0;
				TARGETED_DEVICE_FAMILY = "1,2";
				TEST_HOST = "$(BUILT_PRODUCTS_DIR)/Landmarks.app/Landmarks";
			};
			name = Debug;
		};
		84A0D974263CD59800F088A3 /* Release */ = {
			isa = XCBuildConfiguration;
			buildSettings = {
				ALWAYS_EMBED_SWIFT_STANDARD_LIBRARIES = YES;
				BUNDLE_LOADER = "$(TEST_HOST)";
				CODE_SIGN_STYLE = Automatic;
				INFOPLIST_FILE = LandmarksTests/Info.plist;
				IPHONEOS_DEPLOYMENT_TARGET = 14.0;
				LD_RUNPATH_SEARCH_PATHS = (
					"$(inherited)",
					"@executable_path/Frameworks",
					"@loader_path/Frameworks",
				);
				PRODUCT_BUNDLE_IDENTIFIER = swift.LandmarksTests;
				PRODUCT_NAME = "$(TARGET_NAME)";
				SWIFT_VERSION = 5.0;
				TARGETED_DEVICE_FAMILY = "1,2";
				TEST_HOST = "$(BUILT_PRODUCTS_DIR)/Landmarks.app/Landmarks";
			};
			name = Release;
		};
		84A0D976263CD59800F088A3 /* Debug */ = {
			isa = XCBuildConfiguration;
			buildSettings = {
				ALWAYS_EMBED_SWIFT_STANDARD_LIBRARIES = YES;
				CODE_SIGN_STYLE = Automatic;
				INFOPLIST_FILE = LandmarksUITests/Info.plist;
				LD_RUNPATH_SEARCH_PATHS = (
					"$(inherited)",
					"@executable_path/Frameworks",
					"@loader_path/Frameworks",
				);
				PRODUCT_BUNDLE_IDENTIFIER = swift.LandmarksUITests;
				PRODUCT_NAME = "$(TARGET_NAME)";
				SWIFT_VERSION = 5.0;
				TARGETED_DEVICE_FAMILY = "1,2";
				TEST_TARGET_NAME = Landmarks;
			};
			name = Debug;
		};
		84A0D977263CD59800F088A3 /* Release */ = {
			isa = XCBuildConfiguration;
			buildSettings = {
				ALWAYS_EMBED_SWIFT_STANDARD_LIBRARIES = YES;
				CODE_SIGN_STYLE = Automatic;
				INFOPLIST_FILE = LandmarksUITests/Info.plist;
				LD_RUNPATH_SEARCH_PATHS = (
					"$(inherited)",
					"@executable_path/Frameworks",
					"@loader_path/Frameworks",
				);
				PRODUCT_BUNDLE_IDENTIFIER = swift.LandmarksUITests;
				PRODUCT_NAME = "$(TARGET_NAME)";
				SWIFT_VERSION = 5.0;
				TARGETED_DEVICE_FAMILY = "1,2";
				TEST_TARGET_NAME = Landmarks;
			};
			name = Release;
		};
/* End XCBuildConfiguration section */

/* Begin XCConfigurationList section */
		84A0D945263CD59700F088A3 /* Build configuration list for PBXProject "Landmarks" */ = {
			isa = XCConfigurationList;
			buildConfigurations = (
				84A0D96D263CD59800F088A3 /* Debug */,
				84A0D96E263CD59800F088A3 /* Release */,
			);
			defaultConfigurationIsVisible = 0;
			defaultConfigurationName = Release;
		};
		84A0D96F263CD59800F088A3 /* Build configuration list for PBXNativeTarget "Landmarks" */ = {
			isa = XCConfigurationList;
			buildConfigurations = (
				84A0D970263CD59800F088A3 /* Debug */,
				84A0D971263CD59800F088A3 /* Release */,
			);
			defaultConfigurationIsVisible = 0;
			defaultConfigurationName = Release;
		};
		84A0D972263CD59800F088A3 /* Build configuration list for PBXNativeTarget "LandmarksTests" */ = {
			isa = XCConfigurationList;
			buildConfigurations = (
				84A0D973263CD59800F088A3 /* Debug */,
				84A0D974263CD59800F088A3 /* Release */,
			);
			defaultConfigurationIsVisible = 0;
			defaultConfigurationName = Release;
		};
		84A0D975263CD59800F088A3 /* Build configuration list for PBXNativeTarget "LandmarksUITests" */ = {
			isa = XCConfigurationList;
			buildConfigurations = (
				84A0D976263CD59800F088A3 /* Debug */,
				84A0D977263CD59800F088A3 /* Release */,
			);
			defaultConfigurationIsVisible = 0;
			defaultConfigurationName = Release;
		};
/* End XCConfigurationList section */
	};
	rootObject = 84A0D942263CD59700F088A3 /* Project object */;
}
